
Microsoft Visual Studio Solution File, Format Version 12.00
# Visual Studio Version 17
VisualStudioVersion = 17.5.002.0
MinimumVisualStudioVersion = 10.0.40219.1
Project("{9A19103F-16F7-4668-BE54-9A1E7A4F7556}") = "AlcoolOuGasolina", "AlcoolOuGasolina.csproj", "{B2FFFD4A-F3E3-47A2-A65D-3B356F65A641}"
EndProject
Global
	GlobalSection(SolutionConfigurationPlatforms) = preSolution
		Debug|Any CPU = Debug|Any CPU
		Release|Any CPU = Release|Any CPU
	EndGlobalSection
	GlobalSection(ProjectConfigurationPlatforms) = postSolution
		{B2FFFD4A-F3E3-47A2-A65D-3B356F65A641}.Debug|Any CPU.ActiveCfg = Debug|Any CPU
		{B2FFFD4A-F3E3-47A2-A65D-3B356F65A641}.Debug|Any CPU.Build.0 = Debug|Any CPU
		{B2FFFD4A-F3E3-47A2-A65D-3B356F65A641}.Release|Any CPU.ActiveCfg = Release|Any CPU
		{B2FFFD4A-F3E3-47A2-A65D-3B356F65A641}.Release|Any CPU.Build.0 = Release|Any CPU
	EndGlobalSection
	GlobalSection(SolutionProperties) = preSolution
		HideSolutionNode = FALSE
	EndGlobalSection
	GlobalSection(ExtensibilityGlobals) = postSolution
		SolutionGuid = {EECA550C-557D-484D-9639-73EA0EC37D57}
	EndGlobalSection
EndGlobal
